// !$*UTF8*$!
{
	archiveVersion = 1;
	classes = {
	};
	objectVersion = 46;
	objects = {

/* Begin PBXBuildFile section */
		4C8FDA0B465C88D83580B72F /* Pods_ironchat.framework in Frameworks */ = {isa = PBXBuildFile; fileRef = FC659BA15BDA167CC6429798 /* Pods_ironchat.framework */; };
		FDE373DE1D3E9A2400033C71 /* AppDelegate.swift in Sources */ = {isa = PBXBuildFile; fileRef = FDE373DD1D3E9A2400033C71 /* AppDelegate.swift */; };
		FDE373E01D3E9A2400033C71 /* ViewController.swift in Sources */ = {isa = PBXBuildFile; fileRef = FDE373DF1D3E9A2400033C71 /* ViewController.swift */; };
		FDE373E31D3E9A2400033C71 /* Main.storyboard in Resources */ = {isa = PBXBuildFile; fileRef = FDE373E11D3E9A2400033C71 /* Main.storyboard */; };
		FDE373E51D3E9A2400033C71 /* Assets.xcassets in Resources */ = {isa = PBXBuildFile; fileRef = FDE373E41D3E9A2400033C71 /* Assets.xcassets */; };
		FDE373E81D3E9A2400033C71 /* LaunchScreen.storyboard in Resources */ = {isa = PBXBuildFile; fileRef = FDE373E61D3E9A2400033C71 /* LaunchScreen.storyboard */; };
		FDE373F01D3E9C4200033C71 /* GoogleService-Info.plist in Resources */ = {isa = PBXBuildFile; fileRef = FDE373EF1D3E9C4200033C71 /* GoogleService-Info.plist */; };
		FDE373F21D3EB4CD00033C71 /* SecondViewController.swift in Sources */ = {isa = PBXBuildFile; fileRef = FDE373F11D3EB4CD00033C71 /* SecondViewController.swift */; };
		FDE373F41D3EB78A00033C71 /* ThirdViewController.swift in Sources */ = {isa = PBXBuildFile; fileRef = FDE373F31D3EB78A00033C71 /* ThirdViewController.swift */; };
/* End PBXBuildFile section */

/* Begin PBXFileReference section */
		ABEBA3DABDCC37974862B3D7 /* Pods-ironchat.debug.xcconfig */ = {isa = PBXFileReference; includeInIndex = 1; lastKnownFileType = text.xcconfig; name = "Pods-ironchat.debug.xcconfig"; path = "Pods/Target Support Files/Pods-ironchat/Pods-ironchat.debug.xcconfig"; sourceTree = "<group>"; };
		AFF8F90A9F5675CA434EAAE2 /* Pods-ironchat.release.xcconfig */ = {isa = PBXFileReference; includeInIndex = 1; lastKnownFileType = text.xcconfig; name = "Pods-ironchat.release.xcconfig"; path = "Pods/Target Support Files/Pods-ironchat/Pods-ironchat.release.xcconfig"; sourceTree = "<group>"; };
		FC659BA15BDA167CC6429798 /* Pods_ironchat.framework */ = {isa = PBXFileReference; explicitFileType = wrapper.framework; includeInIndex = 0; path = Pods_ironchat.framework; sourceTree = BUILT_PRODUCTS_DIR; };
		FDE373DA1D3E9A2400033C71 /* ironchat.app */ = {isa = PBXFileReference; explicitFileType = wrapper.application; includeInIndex = 0; path = ironchat.app; sourceTree = BUILT_PRODUCTS_DIR; };
		FDE373DD1D3E9A2400033C71 /* AppDelegate.swift */ = {isa = PBXFileReference; lastKnownFileType = sourcecode.swift; path = AppDelegate.swift; sourceTree = "<group>"; };
		FDE373DF1D3E9A2400033C71 /* ViewController.swift */ = {isa = PBXFileReference; lastKnownFileType = sourcecode.swift; path = ViewController.swift; sourceTree = "<group>"; };
		FDE373E21D3E9A2400033C71 /* Base */ = {isa = PBXFileReference; lastKnownFileType = file.storyboard; name = Base; path = Base.lproj/Main.storyboard; sourceTree = "<group>"; };
		FDE373E41D3E9A2400033C71 /* Assets.xcassets */ = {isa = PBXFileReference; lastKnownFileType = folder.assetcatalog; path = Assets.xcassets; sourceTree = "<group>"; };
		FDE373E71D3E9A2400033C71 /* Base */ = {isa = PBXFileReference; lastKnownFileType = file.storyboard; name = Base; path = Base.lproj/LaunchScreen.storyboard; sourceTree = "<group>"; };
		FDE373E91D3E9A2400033C71 /* Info.plist */ = {isa = PBXFileReference; lastKnownFileType = text.plist.xml; path = Info.plist; sourceTree = "<group>"; };
		FDE373EF1D3E9C4200033C71 /* GoogleService-Info.plist */ = {isa = PBXFileReference; fileEncoding = 4; lastKnownFileType = text.plist.xml; path = "GoogleService-Info.plist"; sourceTree = "<group>"; };
		FDE373F11D3EB4CD00033C71 /* SecondViewController.swift */ = {isa = PBXFileReference; fileEncoding = 4; lastKnownFileType = sourcecode.swift; path = SecondViewController.swift; sourceTree = "<group>"; };
		FDE373F31D3EB78A00033C71 /* ThirdViewController.swift */ = {isa = PBXFileReference; fileEncoding = 4; lastKnownFileType = sourcecode.swift; path = ThirdViewController.swift; sourceTree = "<group>"; };
/* End PBXFileReference section */

/* Begin PBXFrameworksBuildPhase section */
		FDE373D71D3E9A2400033C71 /* Frameworks */ = {
			isa = PBXFrameworksBuildPhase;
			buildActionMask = 2147483647;
			files = (
				4C8FDA0B465C88D83580B72F /* Pods_ironchat.framework in Frameworks */,
			);
			runOnlyForDeploymentPostprocessing = 0;
		};
/* End PBXFrameworksBuildPhase section */

/* Begin PBXGroup section */
		1767A7499F49741D37C1842E /* Frameworks */ = {
			isa = PBXGroup;
			children = (
				FC659BA15BDA167CC6429798 /* Pods_ironchat.framework */,
			);
			name = Frameworks;
			sourceTree = "<group>";
		};
		55340509827E67E647D33160 /* Pods */ = {
			isa = PBXGroup;
			children = (
				ABEBA3DABDCC37974862B3D7 /* Pods-ironchat.debug.xcconfig */,
				AFF8F90A9F5675CA434EAAE2 /* Pods-ironchat.release.xcconfig */,
			);
			name = Pods;
			sourceTree = "<group>";
		};
		FDE373D11D3E9A2400033C71 = {
			isa = PBXGroup;
			children = (
				FDE373DC1D3E9A2400033C71 /* ironchat */,
				FDE373DB1D3E9A2400033C71 /* Products */,
				55340509827E67E647D33160 /* Pods */,
				1767A7499F49741D37C1842E /* Frameworks */,
			);
			sourceTree = "<group>";
		};
		FDE373DB1D3E9A2400033C71 /* Products */ = {
			isa = PBXGroup;
			children = (
				FDE373DA1D3E9A2400033C71 /* ironchat.app */,
			);
			name = Products;
			sourceTree = "<group>";
		};
		FDE373DC1D3E9A2400033C71 /* ironchat */ = {
			isa = PBXGroup;
			children = (
				FDE373DD1D3E9A2400033C71 /* AppDelegate.swift */,
				FDE373DF1D3E9A2400033C71 /* ViewController.swift */,
				FDE373F11D3EB4CD00033C71 /* SecondViewController.swift */,
				FDE373F31D3EB78A00033C71 /* ThirdViewController.swift */,
				FDE373E11D3E9A2400033C71 /* Main.storyboard */,
				FDE373E41D3E9A2400033C71 /* Assets.xcassets */,
				FDE373E61D3E9A2400033C71 /* LaunchScreen.storyboard */,
				FDE373EF1D3E9C4200033C71 /* GoogleService-Info.plist */,
				FDE373E91D3E9A2400033C71 /* Info.plist */,
			);
			path = ironchat;
			sourceTree = "<group>";
		};
/* End PBXGroup section */

/* Begin PBXNativeTarget section */
		FDE373D91D3E9A2400033C71 /* ironchat */ = {
			isa = PBXNativeTarget;
			buildConfigurationList = FDE373EC1D3E9A2400033C71 /* Build configuration list for PBXNativeTarget "ironchat" */;
			buildPhases = (
				EA265CC4F535306630D04C63 /* [CP] Check Pods Manifest.lock */,
				FDE373D61D3E9A2400033C71 /* Sources */,
				FDE373D71D3E9A2400033C71 /* Frameworks */,
				FDE373D81D3E9A2400033C71 /* Resources */,
				9E4B6863398AF9C642D8FC57 /* [CP] Embed Pods Frameworks */,
				DA2C22F4D4E2F768BDB7EF86 /* [CP] Copy Pods Resources */,
			);
			buildRules = (
			);
			dependencies = (
			);
			name = ironchat;
			productName = ironchat;
			productReference = FDE373DA1D3E9A2400033C71 /* ironchat.app */;
			productType = "com.apple.product-type.application";
		};
/* End PBXNativeTarget section */

/* Begin PBXProject section */
		FDE373D21D3E9A2400033C71 /* Project object */ = {
			isa = PBXProject;
			attributes = {
				LastSwiftUpdateCheck = 0730;
				LastUpgradeCheck = 0730;
				ORGANIZATIONNAME = "Taylor Frost";
				TargetAttributes = {
					FDE373D91D3E9A2400033C71 = {
						CreatedOnToolsVersion = 7.3.1;
					};
				};
			};
			buildConfigurationList = FDE373D51D3E9A2400033C71 /* Build configuration list for PBXProject "ironchat" */;
			compatibilityVersion = "Xcode 3.2";
			developmentRegion = English;
			hasScannedForEncodings = 0;
			knownRegions = (
				en,
				Base,
			);
			mainGroup = FDE373D11D3E9A2400033C71;
			productRefGroup = FDE373DB1D3E9A2400033C71 /* Products */;
			projectDirPath = "";
			projectRoot = "";
			targets = (
				FDE373D91D3E9A2400033C71 /* ironchat */,
			);
		};
/* End PBXProject section */

/* Begin PBXResourcesBuildPhase section */
		FDE373D81D3E9A2400033C71 /* Resources */ = {
			isa = PBXResourcesBuildPhase;
			buildActionMask = 2147483647;
			files = (
				FDE373E81D3E9A2400033C71 /* LaunchScreen.storyboard in Resources */,
				FDE373F01D3E9C4200033C71 /* GoogleService-Info.plist in Resources */,
				FDE373E51D3E9A2400033C71 /* Assets.xcassets in Resources */,
				FDE373E31D3E9A2400033C71 /* Main.storyboard in Resources */,
			);
			runOnlyForDeploymentPostprocessing = 0;
		};
/* End PBXResourcesBuildPhase section */

/* Begin PBXShellScriptBuildPhase section */
		9E4B6863398AF9C642D8FC57 /* [CP] Embed Pods Frameworks */ = {
			isa = PBXShellScriptBuildPhase;
			buildActionMask = 2147483647;
			files = (
			);
			inputPaths = (
			);
			name = "[CP] Embed Pods Frameworks";
			outputPaths = (
			);
			runOnlyForDeploymentPostprocessing = 0;
			shellPath = /bin/sh;
			shellScript = "\"${SRCROOT}/Pods/Target Support Files/Pods-ironchat/Pods-ironchat-frameworks.sh\"\n";
			showEnvVarsInLog = 0;
		};
		DA2C22F4D4E2F768BDB7EF86 /* [CP] Copy Pods Resources */ = {
			isa = PBXShellScriptBuildPhase;
			buildActionMask = 2147483647;
			files = (
			);
			inputPaths = (
			);
			name = "[CP] Copy Pods Resources";
			outputPaths = (
			);
			runOnlyForDeploymentPostprocessing = 0;
			shellPath = /bin/sh;
			shellScript = "\"${SRCROOT}/Pods/Target Support Files/Pods-ironchat/Pods-ironchat-resources.sh\"\n";
			showEnvVarsInLog = 0;
		};
		EA265CC4F535306630D04C63 /* [CP] Check Pods Manifest.lock */ = {
			isa = PBXShellScriptBuildPhase;
			buildActionMask = 2147483647;
			files = (
			);
			inputPaths = (
			);
			name = "[CP] Check Pods Manifest.lock";
			outputPaths = (
			);
			runOnlyForDeploymentPostprocessing = 0;
			shellPath = /bin/sh;
			shellScript = "diff \"${PODS_ROOT}/../Podfile.lock\" \"${PODS_ROOT}/Manifest.lock\" > /dev/null\nif [[ $? != 0 ]] ; then\n    cat << EOM\nerror: The sandbox is not in sync with the Podfile.lock. Run 'pod install' or update your CocoaPods installation.\nEOM\n    exit 1\nfi\n";
			showEnvVarsInLog = 0;
		};
/* End PBXShellScriptBuildPhase section */

/* Begin PBXSourcesBuildPhase section */
		FDE373D61D3E9A2400033C71 /* Sources */ = {
			isa = PBXSourcesBuildPhase;
			buildActionMask = 2147483647;
			files = (
				FDE373F21D3EB4CD00033C71 /* SecondViewController.swift in Sources */,
				FDE373E01D3E9A2400033C71 /* ViewController.swift in Sources */,
				FDE373F41D3EB78A00033C71 /* ThirdViewController.swift in Sources */,
				FDE373DE1D3E9A2400033C71 /* AppDelegate.swift in Sources */,
			);
			runOnlyForDeploymentPostprocessing = 0;
		};
/* End PBXSourcesBuildPhase section */

/* Begin PBXVariantGroup section */
		FDE373E11D3E9A2400033C71 /* Main.storyboard */ = {
			isa = PBXVariantGroup;
			children = (
				FDE373E21D3E9A2400033C71 /* Base */,
			);
			name = Main.storyboard;
			sourceTree = "<group>";
		};
		FDE373E61D3E9A2400033C71 /* LaunchScreen.storyboard */ = {
			isa = PBXVariantGroup;
			children = (
				FDE373E71D3E9A2400033C71 /* Base */,
			);
			name = LaunchScreen.storyboard;
			sourceTree = "<group>";
		};
/* End PBXVariantGroup section */

/* Begin XCBuildConfiguration section */
		FDE373EA1D3E9A2400033C71 /* Debug */ = {
			isa = XCBuildConfiguration;
			buildSettings = {
				ALWAYS_SEARCH_USER_PATHS = NO;
				CLANG_ANALYZER_NONNULL = YES;
				CLANG_CXX_LANGUAGE_STANDARD = "gnu++0x";
				CLANG_CXX_LIBRARY = "libc++";
				CLANG_ENABLE_MODULES = YES;
				CLANG_ENABLE_OBJC_ARC = YES;
				CLANG_WARN_BOOL_CONVERSION = YES;
				CLANG_WARN_CONSTANT_CONVERSION = YES;
				CLANG_WARN_DIRECT_OBJC_ISA_USAGE = YES_ERROR;
				CLANG_WARN_EMPTY_BODY = YES;
				CLANG_WARN_ENUM_CONVERSION = YES;
				CLANG_WARN_INT_CONVERSION = YES;
				CLANG_WARN_OBJC_ROOT_CLASS = YES_ERROR;
				CLANG_WARN_UNREACHABLE_CODE = YES;
				CLANG_WARN__DUPLICATE_METHOD_MATCH = YES;
				"CODE_SIGN_IDENTITY[sdk=iphoneos*]" = "iPhone Developer";
				COPY_PHASE_STRIP = NO;
				DEBUG_INFORMATION_FORMAT = dwarf;
				ENABLE_STRICT_OBJC_MSGSEND = YES;
				ENABLE_TESTABILITY = YES;
				GCC_C_LANGUAGE_STANDARD = gnu99;
				GCC_DYNAMIC_NO_PIC = NO;
				GCC_NO_COMMON_BLOCKS = YES;
				GCC_OPTIMIZATION_LEVEL = 0;
				GCC_PREPROCESSOR_DEFINITIONS = (
					"DEBUG=1",
					"$(inherited)",
				);
				GCC_WARN_64_TO_32_BIT_CONVERSION = YES;
				GCC_WARN_ABOUT_RETURN_TYPE = YES_ERROR;
				GCC_WARN_UNDECLARED_SELECTOR = YES;
				GCC_WARN_UNINITIALIZED_AUTOS = YES_AGGRESSIVE;
				GCC_WARN_UNUSED_FUNCTION = YES;
				GCC_WARN_UNUSED_VARIABLE = YES;
				IPHONEOS_DEPLOYMENT_TARGET = 9.3;
				MTL_ENABLE_DEBUG_INFO = YES;
				ONLY_ACTIVE_ARCH = YES;
				SDKROOT = iphoneos;
				SWIFT_OPTIMIZATION_LEVEL = "-Onone";
			};
			name = Debug;
		};
		FDE373EB1D3E9A2400033C71 /* Release */ = {
			isa = XCBuildConfiguration;
			buildSettings = {
				ALWAYS_SEARCH_USER_PATHS = NO;
				CLANG_ANALYZER_NONNULL = YES;
				CLANG_CXX_LANGUAGE_STANDARD = "gnu++0x";
				CLANG_CXX_LIBRARY = "libc++";
				CLANG_ENABLE_MODULES = YES;
				CLANG_ENABLE_OBJC_ARC = YES;
				CLANG_WARN_BOOL_CONVERSION = YES;
				CLANG_WARN_CONSTANT_CONVERSION = YES;
				CLANG_WARN_DIRECT_OBJC_ISA_USAGE = YES_ERROR;
				CLANG_WARN_EMPTY_BODY = YES;
				CLANG_WARN_ENUM_CONVERSION = YES;
				CLANG_WARN_INT_CONVERSION = YES;
				CLANG_WARN_OBJC_ROOT_CLASS = YES_ERROR;
				CLANG_WARN_UNREACHABLE_CODE = YES;
				CLANG_WARN__DUPLICATE_METHOD_MATCH = YES;
				"CODE_SIGN_IDENTITY[sdk=iphoneos*]" = "iPhone Developer";
				COPY_PHASE_STRIP = NO;
				DEBUG_INFORMATION_FORMAT = "dwarf-with-dsym";
				ENABLE_NS_ASSERTIONS = NO;
				ENABLE_STRICT_OBJC_MSGSEND = YES;
				GCC_C_LANGUAGE_STANDARD = gnu99;
				GCC_NO_COMMON_BLOCKS = YES;
				GCC_WARN_64_TO_32_BIT_CONVERSION = YES;
				GCC_WARN_ABOUT_RETURN_TYPE = YES_ERROR;
				GCC_WARN_UNDECLARED_SELECTOR = YES;
				GCC_WARN_UNINITIALIZED_AUTOS = YES_AGGRESSIVE;
				GCC_WARN_UNUSED_FUNCTION = YES;
				GCC_WARN_UNUSED_VARIABLE = YES;
				IPHONEOS_DEPLOYMENT_TARGET = 9.3;
				MTL_ENABLE_DEBUG_INFO = NO;
				SDKROOT = iphoneos;
				VALIDATE_PRODUCT = YES;
			};
			name = Release;
		};
		FDE373ED1D3E9A2400033C71 /* Debug */ = {
			isa = XCBuildConfiguration;
			baseConfigurationReference = ABEBA3DABDCC37974862B3D7 /* Pods-ironchat.debug.xcconfig */;
			buildSettings = {
				ASSETCATALOG_COMPILER_APPICON_NAME = AppIcon;
				INFOPLIST_FILE = ironchat/Info.plist;
				LD_RUNPATH_SEARCH_PATHS = "$(inherited) @executable_path/Frameworks";
				PRODUCT_BUNDLE_IDENTIFIER = com.FrostEnterprises.ironchat;
				PRODUCT_NAME = "$(TARGET_NAME)";
			};
			name = Debug;
		};
		FDE373EE1D3E9A2400033C71 /* Release */ = {
			isa = XCBuildConfiguration;
			baseConfigurationReference = AFF8F90A9F5675CA434EAAE2 /* Pods-ironchat.release.xcconfig */;
			buildSettings = {
				ASSETCATALOG_COMPILER_APPICON_NAME = AppIcon;
				INFOPLIST_FILE = ironchat/Info.plist;
				LD_RUNPATH_SEARCH_PATHS = "$(inherited) @executable_path/Frameworks";
				PRODUCT_BUNDLE_IDENTIFIER = com.FrostEnterprises.ironchat;
				PRODUCT_NAME = "$(TARGET_NAME)";
			};
			name = Release;
		};
/* End XCBuildConfiguration section */

/* Begin XCConfigurationList section */
		FDE373D51D3E9A2400033C71 /* Build configuration list for PBXProject "ironchat" */ = {
			isa = XCConfigurationList;
			buildConfigurations = (
				FDE373EA1D3E9A2400033C71 /* Debug */,
				FDE373EB1D3E9A2400033C71 /* Release */,
			);
			defaultConfigurationIsVisible = 0;
			defaultConfigurationName = Release;
		};
		FDE373EC1D3E9A2400033C71 /* Build configuration list for PBXNativeTarget "ironchat" */ = {
			isa = XCConfigurationList;
			buildConfigurations = (
				FDE373ED1D3E9A2400033C71 /* Debug */,
				FDE373EE1D3E9A2400033C71 /* Release */,
			);
			defaultConfigurationIsVisible = 0;
			defaultConfigurationName = Release;
		};
/* End XCConfigurationList section */
	};
	rootObject = FDE373D21D3E9A2400033C71 /* Project object */;
}
